{
  "name": "diff-practice",
  "version": "0.0.1",
  "lockfileVersion": 1,
  "requires": true,
  "dependencies": {
    "element-mold": {
      "version": "0.0.2",
      "resolved": "https://registry.npmjs.org/element-mold/-/element-mold-0.0.2.tgz",
      "integrity": "sha512-725mA5oNsWRS7m9Py74mdQvVGjZGnwuRg2f5Dj40P+1aPyGs9C0A7lxBpVc5cGSK6EGThpFRY0AoloOl8bPWxQ=="
    },
    "esbuild": {
      "version": "0.12.16",
      "resolved": "https://registry.npmjs.org/esbuild/-/esbuild-0.12.16.tgz",
      "integrity": "sha512-XqI9cXP2bmQ6MREIqrYBb13KfYFSERsV1+e5jSVWps8dNlLZK+hln7d0mznzDIpfISsg/AgQW0DW3kSInXWhrg=="
    }
  }
}
